
Microsoft Visual Studio Solution File, Format Version 12.00
# Visual Studio Version 17
VisualStudioVersion = 17.3.32811.315
MinimumVisualStudioVersion = 10.0.40219.1
Project("{9A19103F-16F7-4668-BE54-9A1E7A4F7556}") = "shared_folder", "shared_folder.csproj", "{12B0B68B-4CF5-43EB-AE78-80A89D5D2CE6}"
EndProject
Global
	GlobalSection(SolutionConfigurationPlatforms) = preSolution
		Debug|Any CPU = Debug|Any CPU
		Release|Any CPU = Release|Any CPU
	EndGlobalSection
	GlobalSection(ProjectConfigurationPlatforms) = postSolution
		{12B0B68B-4CF5-43EB-AE78-80A89D5D2CE6}.Debug|Any CPU.ActiveCfg = Debug|Any CPU
		{12B0B68B-4CF5-43EB-AE78-80A89D5D2CE6}.Debug|Any CPU.Build.0 = Debug|Any CPU
		{12B0B68B-4CF5-43EB-AE78-80A89D5D2CE6}.Release|Any CPU.ActiveCfg = Release|Any CPU
		{12B0B68B-4CF5-43EB-AE78-80A89D5D2CE6}.Release|Any CPU.Build.0 = Release|Any CPU
	EndGlobalSection
	GlobalSection(SolutionProperties) = preSolution
		HideSolutionNode = FALSE
	EndGlobalSection
	GlobalSection(ExtensibilityGlobals) = postSolution
		SolutionGuid = {169E98C8-9682-41F6-90A9-72CC08DE2B0C}
	EndGlobalSection
EndGlobal
